PODS:
  - flutter_mwebd (0.0.1):
    - FlutterMacOS
  - FlutterMacOS (1.0.0)

DEPENDENCIES:
  - flutter_mwebd (from `Flutter/ephemeral/.symlinks/plugins/flutter_mwebd/macos`)
  - FlutterMacOS (from `Flutter/ephemeral`)

EXTERNAL SOURCES:
  flutter_mwebd:
    :path: Flutter/ephemeral/.symlinks/plugins/flutter_mwebd/macos
  FlutterMacOS:
    :path: Flutter/ephemeral

SPEC CHECKSUMS:
  flutter_mwebd: 8e26df53916b7228fb55c72c70ed6e4b3a111906
  FlutterMacOS: d0db08ddef1a9af05a5ec4b724367152bb0500b1

PODFILE CHECKSUM: 54d867c82ac51cbd61b565781b9fada492027009

COCOAPODS: 1.16.2
